# Generated by pub
# See https://dart.dev/tools/pub/glossary#lockfile
packages:
  animate_do:
    dependency: "direct main"
    description:
      name: animate_do
      sha256: "4554744e604b841e2bde710398ef3f4f8a1935a182b48727afe2a1023527b883"
      url: "https://pub.dev"
    source: hosted
    version: "2.1.0"
  args:
    dependency: transitive
    description:
      name: args
      sha256: "4cab82a83ffef80b262ddedf47a0a8e56ee6fbf7fe21e6e768b02792034dd440"
      url: "https://pub.dev"
    source: hosted
    version: "2.4.0"
  async:
    dependency: transitive
    description:
      name: async
      sha256: bfe67ef28df125b7dddcea62755991f807aa39a2492a23e1550161692950bbe0
      url: "https://pub.dev"
    source: hosted
    version: "2.10.0"
  audioplayers:
    dependency: "direct main"
    description:
      name: audioplayers
      sha256: a73737eb4d025492e523ab69d13a054bc4130fc378588c78272e84e89753322e
      url: "https://pub.dev"
    source: hosted
    version: "1.1.1"
  audioplayers_android:
    dependency: transitive
    description:
      name: audioplayers_android
      sha256: c06e784e2b4d50b31a634acc6edda89584e557e756815819ee0c06c75fc4b89a
      url: "https://pub.dev"
    source: hosted
    version: "1.1.1"
  audioplayers_darwin:
    dependency: transitive
    description:
      name: audioplayers_darwin
      sha256: b8d3a3e6a0b0b9080d9ca79241b95ebf3e7d7641e88a737bfb0c23f416e017b3
      url: "https://pub.dev"
    source: hosted
    version: "1.0.3"
  audioplayers_linux:
    dependency: transitive
    description:
      name: audioplayers_linux
      sha256: "62ba684199270f548b801d5387fa72cb60d12ada78b687924e7364f6bf1c7d34"
      url: "https://pub.dev"
    source: hosted
    version: "1.0.1"
  audioplayers_platform_interface:
    dependency: transitive
    description:
      name: audioplayers_platform_interface
      sha256: "51b237362834a12d86a0adccb3b65c63923945dc572c2aaea4db0645ea1fc256"
      url: "https://pub.dev"
    source: hosted
    version: "2.0.0"
  audioplayers_web:
    dependency: transitive
    description:
      name: audioplayers_web
      sha256: "8a09d08d19470cbce5cdf73f3561d0f6d0d5c631372fb41cd959770f8d4ce607"
      url: "https://pub.dev"
    source: hosted
    version: "2.0.1"
  audioplayers_windows:
    dependency: transitive
    description:
      name: audioplayers_windows
      sha256: "5b4cff2d10bee5ce6afcd09a0a496bc1e4d5c60db432d0f4208c5d7aefcbed29"
      url: "https://pub.dev"
    source: hosted
    version: "1.1.0"
  boolean_selector:
    dependency: transitive
    description:
      name: boolean_selector
      sha256: "6cfb5af12253eaf2b368f07bacc5a80d1301a071c73360d746b7f2e32d762c66"
      url: "https://pub.dev"
    source: hosted
    version: "2.1.1"
  camera:
    dependency: "direct main"
    description:
      name: camera
      sha256: e7ac55af24a890d20276821eb3c95857074d03b7de6f9892b99a205ee30bd179
      url: "https://pub.dev"
    source: hosted
    version: "0.10.3"
  camera_android:
    dependency: transitive
    description:
      name: camera_android
      sha256: "4cef01e8e78fe27c809a429bf74352ab94ab76b0c980e3ec708f1414614e3d9f"
      url: "https://pub.dev"
    source: hosted
    version: "0.10.3"
  camera_avfoundation:
    dependency: transitive
    description:
      name: camera_avfoundation
      sha256: "6a68c20593d4cd58974d555f74a48b244f9db28cc9156de57781122d11b8754b"
      url: "https://pub.dev"
    source: hosted
    version: "0.9.11"
  camera_platform_interface:
    dependency: transitive
    description:
      name: camera_platform_interface
      sha256: "0eedd642d905ca24f1c483fe9ea0d0e7287b86a402845c28d24df28cc7b0ee6e"
      url: "https://pub.dev"
    source: hosted
    version: "2.3.4"
  camera_web:
    dependency: transitive
    description:
      name: camera_web
      sha256: "496de93c5d462738ce991dbfe91fb19026f115ed36406700a20a380fb0018299"
      url: "https://pub.dev"
    source: hosted
    version: "0.3.1+1"
  characters:
    dependency: transitive
    description:
      name: characters
      sha256: e6a326c8af69605aec75ed6c187d06b349707a27fbff8222ca9cc2cff167975c
      url: "https://pub.dev"
    source: hosted
    version: "1.2.1"
  clock:
    dependency: transitive
    description:
      name: clock
      sha256: cb6d7f03e1de671e34607e909a7213e31d7752be4fb66a86d29fe1eb14bfb5cf
      url: "https://pub.dev"
    source: hosted
    version: "1.1.1"
  collection:
    dependency: transitive
    description:
      name: collection
      sha256: "4a07be6cb69c84d677a6c3096fcf960cc3285a8330b4603e0d463d15d9bd934c"
      url: "https://pub.dev"
    source: hosted
    version: "1.17.1"
  cross_file:
    dependency: transitive
    description:
      name: cross_file
      sha256: f71079978789bc2fe78d79227f1f8cfe195b31bbd8db2399b0d15a4b96fb843b
      url: "https://pub.dev"
    source: hosted
    version: "0.3.3+2"
  crypto:
    dependency: transitive
    description:
      name: crypto
      sha256: aa274aa7774f8964e4f4f38cc994db7b6158dd36e9187aaceaddc994b35c6c67
      url: "https://pub.dev"
    source: hosted
    version: "3.0.2"
  csslib:
    dependency: transitive
    description:
      name: csslib
      sha256: b36c7f7e24c0bdf1bf9a3da461c837d1de64b9f8beb190c9011d8c72a3dfd745
      url: "https://pub.dev"
    source: hosted
    version: "0.17.2"
  cupertino_icons:
    dependency: "direct main"
    description:
      name: cupertino_icons
      sha256: e35129dc44c9118cee2a5603506d823bab99c68393879edb440e0090d07586be
      url: "https://pub.dev"
    source: hosted
    version: "1.0.5"
  dbus:
    dependency: transitive
    description:
      name: dbus
      sha256: "6f07cba3f7b3448d42d015bfd3d53fe12e5b36da2423f23838efc1d5fb31a263"
      url: "https://pub.dev"
    source: hosted
    version: "0.7.8"
  fake_async:
    dependency: transitive
    description:
      name: fake_async
      sha256: "511392330127add0b769b75a987850d136345d9227c6b94c96a04cf4a391bf78"
      url: "https://pub.dev"
    source: hosted
    version: "1.3.1"
  ffi:
    dependency: transitive
    description:
      name: ffi
      sha256: a38574032c5f1dd06c4aee541789906c12ccaab8ba01446e800d9c5b79c4a978
      url: "https://pub.dev"
    source: hosted
    version: "2.0.1"
  file:
    dependency: transitive
    description:
      name: file
      sha256: "1b92bec4fc2a72f59a8e15af5f52cd441e4a7860b49499d69dfa817af20e925d"
      url: "https://pub.dev"
    source: hosted
    version: "6.1.4"
  flutter:
    dependency: "direct main"
    description: flutter
    source: sdk
    version: "0.0.0"
  flutter_background:
    dependency: "direct main"
    description:
      name: flutter_background
      sha256: cc1555bcd1176d6f8948500106930aebc4886c9becc3fc5532b4a9049b0f1609
      url: "https://pub.dev"
    source: hosted
    version: "1.1.0"
  flutter_colorpicker:
    dependency: "direct main"
    description:
      name: flutter_colorpicker
      sha256: "458a6ed8ea480eb16ff892aedb4b7092b2804affd7e046591fb03127e8d8ef8b"
      url: "https://pub.dev"
    source: hosted
    version: "1.0.3"
  flutter_lints:
    dependency: "direct dev"
    description:
      name: flutter_lints
      sha256: aeb0b80a8b3709709c9cc496cdc027c5b3216796bc0af0ce1007eaf24464fd4c
      url: "https://pub.dev"
    source: hosted
    version: "2.0.1"
  flutter_local_notifications:
    dependency: "direct main"
    description:
      name: flutter_local_notifications
      sha256: f222919a34545931e47b06000836b5101baeffb0e6eb5a4691d2d42851740dd9
      url: "https://pub.dev"
    source: hosted
    version: "12.0.4"
  flutter_local_notifications_linux:
    dependency: transitive
    description:
      name: flutter_local_notifications_linux
      sha256: "3c6d6db334f609a92be0c0915f40871ec56f5d2adf01e77ae364162c587c0ca8"
      url: "https://pub.dev"
    source: hosted
    version: "2.0.0"
  flutter_local_notifications_platform_interface:
    dependency: transitive
    description:
      name: flutter_local_notifications_platform_interface
      sha256: "5ec1feac5f7f7d9266759488bc5f76416152baba9aa1b26fe572246caa00d1ab"
      url: "https://pub.dev"
    source: hosted
    version: "6.0.0"
  flutter_plugin_android_lifecycle:
    dependency: transitive
    description:
      name: flutter_plugin_android_lifecycle
      sha256: "60fc7b78455b94e6de2333d2f95196d32cf5c22f4b0b0520a628804cb463503b"
      url: "https://pub.dev"
    source: hosted
    version: "2.0.7"
  flutter_progress_hud:
    dependency: "direct main"
    description:
      name: flutter_progress_hud
      sha256: "19a4889460b7482c5026a936b768996dade4daad8570e8c0493e292d57121dbb"
      url: "https://pub.dev"
    source: hosted
    version: "2.0.2"
  flutter_test:
    dependency: "direct dev"
    description: flutter
    source: sdk
    version: "0.0.0"
  flutter_web_plugins:
    dependency: transitive
    description: flutter
    source: sdk
    version: "0.0.0"
  geolocator:
    dependency: "direct main"
    description:
      name: geolocator
      sha256: "5c23f3613f50586c0bbb2b8f970240ae66b3bd992088cf60dd5ee2e6f7dde3a8"
      url: "https://pub.dev"
    source: hosted
    version: "9.0.2"
  geolocator_android:
    dependency: transitive
    description:
      name: geolocator_android
      sha256: fe90565c3a8789dc3b433d8f95cdb18343f9bde298a419d978337ba1ae1037d3
      url: "https://pub.dev"
    source: hosted
    version: "4.1.4"
  geolocator_apple:
    dependency: transitive
    description:
      name: geolocator_apple
      sha256: a06106698923cbcee5fbfa1130c4c87cf1dc2b7df8a7693315d5f9f3ad33e5d3
      url: "https://pub.dev"
    source: hosted
    version: "2.2.2"
  geolocator_platform_interface:
    dependency: transitive
    description:
      name: geolocator_platform_interface
      sha256: af4d69231452f9620718588f41acc4cb58312368716bfff2e92e770b46ce6386
      url: "https://pub.dev"
    source: hosted
    version: "4.0.7"
  geolocator_web:
    dependency: transitive
    description:
      name: geolocator_web
      sha256: f68a122da48fcfff68bbc9846bb0b74ef651afe84a1b1f6ec20939de4d6860e1
      url: "https://pub.dev"
    source: hosted
    version: "2.1.6"
  geolocator_windows:
    dependency: transitive
    description:
      name: geolocator_windows
      sha256: f5911c88e23f48b598dd506c7c19eff0e001645bdc03bb6fecb9f4549208354d
      url: "https://pub.dev"
    source: hosted
    version: "0.1.1"
  google_maps_flutter:
    dependency: "direct main"
    description:
      name: google_maps_flutter
      sha256: "0c6b72b4b1e0f6204973e2b40868a75fe6380725d498f215cd7e35ed920d1c57"
      url: "https://pub.dev"
    source: hosted
    version: "2.2.3"
  google_maps_flutter_android:
    dependency: transitive
    description:
      name: google_maps_flutter_android
      sha256: "701761b234579b4cfc0f6ae0791e2bb7184b31207b0d716e536b6d1a190dc143"
      url: "https://pub.dev"
    source: hosted
    version: "2.4.3"
  google_maps_flutter_ios:
    dependency: transitive
    description:
      name: google_maps_flutter_ios
      sha256: "33bbca8d4148ed373251ea2ec2344fdc63009926b6d6be71a0854fd42409b1ba"
      url: "https://pub.dev"
    source: hosted
    version: "2.1.13"
  google_maps_flutter_platform_interface:
    dependency: transitive
    description:
      name: google_maps_flutter_platform_interface
      sha256: "0967430c25240836b794d42336bd4c61f0e78e9fd33d1365fa9316bb36b6b410"
      url: "https://pub.dev"
    source: hosted
    version: "2.2.5"
  html:
    dependency: transitive
    description:
      name: html
      sha256: d9793e10dbe0e6c364f4c59bf3e01fb33a9b2a674bc7a1081693dba0614b6269
      url: "https://pub.dev"
    source: hosted
    version: "0.15.1"
  http:
    dependency: "direct main"
    description:
      name: http
      sha256: "6aa2946395183537c8b880962d935877325d6a09a2867c3970c05c0fed6ac482"
      url: "https://pub.dev"
    source: hosted
    version: "0.13.5"
  http_parser:
    dependency: transitive
    description:
      name: http_parser
      sha256: "2aa08ce0341cc9b354a498388e30986515406668dbcc4f7c950c3e715496693b"
      url: "https://pub.dev"
    source: hosted
    version: "4.0.2"
  image_picker:
    dependency: "direct main"
    description:
      name: image_picker
      sha256: a8f2f0aed50c03230ab37e93ca2905c50b6c4097245345956eb24a88f45328cd
      url: "https://pub.dev"
    source: hosted
    version: "0.8.6"
  image_picker_android:
    dependency: transitive
    description:
      name: image_picker_android
      sha256: "822f71a53336bf1e638dbf955047080ca49ba0197f52c4fece9cf584c368648a"
      url: "https://pub.dev"
    source: hosted
    version: "0.8.5+3"
  image_picker_for_web:
    dependency: transitive
    description:
      name: image_picker_for_web
      sha256: "7d319fb74955ca46d9bf7011497860e3923bb67feebcf068f489311065863899"
      url: "https://pub.dev"
    source: hosted
    version: "2.1.10"
  image_picker_ios:
    dependency: transitive
    description:
      name: image_picker_ios
      sha256: "1768087441bd69ca632249d212c26fa8d530552d37b4896a4dd8d6781435c147"
      url: "https://pub.dev"
    source: hosted
    version: "0.8.6+1"
  image_picker_platform_interface:
    dependency: transitive
    description:
      name: image_picker_platform_interface
      sha256: "7cef2f28f4f2fef99180f636c3d446b4ccbafd6ba0fad2adc9a80c4040f656b8"
      url: "https://pub.dev"
    source: hosted
    version: "2.6.2"
  internet_connection_checker:
    dependency: "direct main"
    description:
      name: internet_connection_checker
      sha256: "1c683e63e89c9ac66a40748b1b20889fd9804980da732bf2b58d6d5456c8e876"
      url: "https://pub.dev"
    source: hosted
    version: "1.0.0+1"
  js:
    dependency: transitive
    description:
      name: js
      sha256: f2c445dce49627136094980615a031419f7f3eb393237e4ecd97ac15dea343f3
      url: "https://pub.dev"
    source: hosted
    version: "0.6.7"
  json_annotation:
    dependency: transitive
    description:
      name: json_annotation
      sha256: c33da08e136c3df0190bd5bbe51ae1df4a7d96e7954d1d7249fea2968a72d317
      url: "https://pub.dev"
    source: hosted
    version: "4.8.0"
  lints:
    dependency: transitive
    description:
      name: lints
      sha256: "5cfd6509652ff5e7fe149b6df4859e687fca9048437857cb2e65c8d780f396e3"
      url: "https://pub.dev"
    source: hosted
    version: "2.0.0"
  matcher:
    dependency: transitive
    description:
      name: matcher
      sha256: c94db23593b89766cda57aab9ac311e3616cf87c6fa4e9749df032f66f30dcb8
      url: "https://pub.dev"
    source: hosted
    version: "0.12.14"
  material_color_utilities:
    dependency: transitive
    description:
      name: material_color_utilities
      sha256: d92141dc6fe1dad30722f9aa826c7fbc896d021d792f80678280601aff8cf724
      url: "https://pub.dev"
    source: hosted
    version: "0.2.0"
  meta:
    dependency: transitive
    description:
      name: meta
      sha256: "12307e7f0605ce3da64cf0db90e5fcab0869f3ca03f76be6bb2991ce0a55e82b"
      url: "https://pub.dev"
    source: hosted
    version: "1.9.0"
  numeric_keyboard:
    dependency: "direct main"
    description:
      name: numeric_keyboard
      sha256: "62d0919de4083bfed260da50c2c526189c35240ada4ba0cf5e2ac27252836cea"
      url: "https://pub.dev"
    source: hosted
    version: "1.1.0"
  otp_text_field:
    dependency: "direct main"
    description:
      name: otp_text_field
      sha256: "340b1ed135e1abe9fac0aaebe1c4e48147d95a3e29ecb03ae45ad63a7c28d65d"
      url: "https://pub.dev"
    source: hosted
    version: "1.1.3"
  path:
    dependency: transitive
    description:
      name: path
      sha256: "8829d8a55c13fc0e37127c29fedf290c102f4e40ae94ada574091fe0ff96c917"
      url: "https://pub.dev"
    source: hosted
    version: "1.8.3"
  path_provider:
    dependency: "direct main"
    description:
      name: path_provider
      sha256: "050e8e85e4b7fecdf2bb3682c1c64c4887a183720c802d323de8a5fd76d372dd"
      url: "https://pub.dev"
    source: hosted
    version: "2.0.11"
  path_provider_android:
    dependency: transitive
    description:
      name: path_provider_android
      sha256: "4d5542667150f5b779ba411dd5dc0b674a85d1355e45bda2877e0e82f4ad08d8"
      url: "https://pub.dev"
    source: hosted
    version: "2.0.20"
  path_provider_ios:
    dependency: transitive
    description:
      name: path_provider_ios
      sha256: "03d639406f5343478352433f00d3c4394d52dac8df3d847869c5e2333e0bbce8"
      url: "https://pub.dev"
    source: hosted
    version: "2.0.11"
  path_provider_linux:
    dependency: transitive
    description:
      name: path_provider_linux
      sha256: ab0987bf95bc591da42dffb38c77398fc43309f0b9b894dcc5d6f40c4b26c379
      url: "https://pub.dev"
    source: hosted
    version: "2.1.7"
  path_provider_macos:
    dependency: transitive
    description:
      name: path_provider_macos
      sha256: "2a97e7fbb7ae9dcd0dfc1220a78e9ec3e71da691912e617e8715ff2a13086ae8"
      url: "https://pub.dev"
    source: hosted
    version: "2.0.6"
  path_provider_platform_interface:
    dependency: transitive
    description:
      name: path_provider_platform_interface
      sha256: f0abc8ebd7253741f05488b4813d936b4d07c6bae3e86148a09e342ee4b08e76
      url: "https://pub.dev"
    source: hosted
    version: "2.0.5"
  path_provider_windows:
    dependency: transitive
    description:
      name: path_provider_windows
      sha256: bcabbe399d4042b8ee687e17548d5d3f527255253b4a639f5f8d2094a9c2b45c
      url: "https://pub.dev"
    source: hosted
    version: "2.1.3"
  pedantic:
    dependency: transitive
    description:
      name: pedantic
      sha256: "67fc27ed9639506c856c840ccce7594d0bdcd91bc8d53d6e52359449a1d50602"
      url: "https://pub.dev"
    source: hosted
    version: "1.11.1"
  permission_handler:
    dependency: "direct main"
    description:
      name: permission_handler
      sha256: "33c6a1253d1f95fd06fa74b65b7ba907ae9811f9d5c1d3150e51417d04b8d6a8"
      url: "https://pub.dev"
    source: hosted
    version: "10.2.0"
  permission_handler_android:
    dependency: transitive
    description:
      name: permission_handler_android
      sha256: "8028362b40c4a45298f1cbfccd227c8dd6caf0e27088a69f2ba2ab15464159e2"
      url: "https://pub.dev"
    source: hosted
    version: "10.2.0"
  permission_handler_apple:
    dependency: transitive
    description:
      name: permission_handler_apple
      sha256: "9c370ef6a18b1c4b2f7f35944d644a56aa23576f23abee654cf73968de93f163"
      url: "https://pub.dev"
    source: hosted
    version: "9.0.7"
  permission_handler_platform_interface:
    dependency: transitive
    description:
      name: permission_handler_platform_interface
      sha256: "68abbc472002b5e6dfce47fe9898c6b7d8328d58b5d2524f75e277c07a97eb84"
      url: "https://pub.dev"
    source: hosted
    version: "3.9.0"
  permission_handler_windows:
    dependency: transitive
    description:
      name: permission_handler_windows
      sha256: f67cab14b4328574938ecea2db3475dad7af7ead6afab6338772c5f88963e38b
      url: "https://pub.dev"
    source: hosted
    version: "0.1.2"
  petitparser:
    dependency: transitive
    description:
      name: petitparser
      sha256: "49392a45ced973e8d94a85fdb21293fbb40ba805fc49f2965101ae748a3683b4"
      url: "https://pub.dev"
    source: hosted
    version: "5.1.0"
  platform:
    dependency: transitive
    description:
      name: platform
      sha256: "4a451831508d7d6ca779f7ac6e212b4023dd5a7d08a27a63da33756410e32b76"
      url: "https://pub.dev"
    source: hosted
    version: "3.1.0"
  plugin_platform_interface:
    dependency: transitive
    description:
      name: plugin_platform_interface
      sha256: dbf0f707c78beedc9200146ad3cb0ab4d5da13c246336987be6940f026500d3a
      url: "https://pub.dev"
    source: hosted
    version: "2.1.3"
  process:
    dependency: transitive
    description:
      name: process
      sha256: "53fd8db9cec1d37b0574e12f07520d582019cb6c44abf5479a01505099a34a09"
      url: "https://pub.dev"
    source: hosted
    version: "4.2.4"
  quiver:
    dependency: transitive
    description:
      name: quiver
      sha256: b1c1ac5ce6688d77f65f3375a9abb9319b3cb32486bdc7a1e0fdf004d7ba4e47
      url: "https://pub.dev"
    source: hosted
    version: "3.2.1"
  record_mp3:
    dependency: "direct main"
    description:
      name: record_mp3
      sha256: dd3d221d223f4a38816835e7a887a401a808c583d11d793ef04a60e4f13e781e
      url: "https://pub.dev"
    source: hosted
    version: "3.0.0"
  shared_preferences:
    dependency: "direct main"
    description:
      name: shared_preferences
      sha256: "76917b7d4b9526b2ba416808a7eb9fb2863c1a09cf63ec85f1453da240fa818a"
      url: "https://pub.dev"
    source: hosted
    version: "2.0.15"
  shared_preferences_android:
    dependency: transitive
    description:
      name: shared_preferences_android
      sha256: "8e251f3c986002b65fed6396bce81f379fb63c27317d49743cf289fd0fd1ab97"
      url: "https://pub.dev"
    source: hosted
    version: "2.0.14"
  shared_preferences_ios:
    dependency: transitive
    description:
      name: shared_preferences_ios
      sha256: "585a14cefec7da8c9c2fb8cd283a3bb726b4155c0952afe6a0caaa7b2272de34"
      url: "https://pub.dev"
    source: hosted
    version: "2.1.1"
  shared_preferences_linux:
    dependency: transitive
    description:
      name: shared_preferences_linux
      sha256: "28aefc1261746e7bad3d09799496054beb84e8c4ffcdfed7734e17b4ada459a5"
      url: "https://pub.dev"
    source: hosted
    version: "2.1.1"
  shared_preferences_macos:
    dependency: transitive
    description:
      name: shared_preferences_macos
      sha256: fbb94bf296576f49be37a1496d5951796211a8db0aa22cc0d68c46440dad808c
      url: "https://pub.dev"
    source: hosted
    version: "2.0.4"
  shared_preferences_platform_interface:
    dependency: transitive
    description:
      name: shared_preferences_platform_interface
      sha256: da9431745ede5ece47bc26d5d73a9d3c6936ef6945c101a5aca46f62e52c1cf3
      url: "https://pub.dev"
    source: hosted
    version: "2.1.0"
  shared_preferences_web:
    dependency: transitive
    description:
      name: shared_preferences_web
      sha256: a4b5bc37fe1b368bbc81f953197d55e12f49d0296e7e412dfe2d2d77d6929958
      url: "https://pub.dev"
    source: hosted
    version: "2.0.4"
  shared_preferences_windows:
    dependency: transitive
    description:
      name: shared_preferences_windows
      sha256: "97f7ab9a7da96d9cf19581f5de520ceb529548498bd6b5e0ccd02d68a0d15eba"
      url: "https://pub.dev"
    source: hosted
    version: "2.1.1"
  sky_engine:
    dependency: transitive
    description: flutter
    source: sdk
    version: "0.0.99"
  source_span:
    dependency: transitive
    description:
      name: source_span
      sha256: dd904f795d4b4f3b870833847c461801f6750a9fa8e61ea5ac53f9422b31f250
      url: "https://pub.dev"
    source: hosted
    version: "1.9.1"
  speech_to_text:
    dependency: "direct main"
    description:
      name: speech_to_text
      sha256: ff8fbd31d039bdbac6c7ec9f0516d37df2cbea62c45198326d3b64034e6fb920
      url: "https://pub.dev"
    source: hosted
    version: "6.1.1"
  speech_to_text_macos:
    dependency: transitive
    description:
      name: speech_to_text_macos
      sha256: "6b5575e5a8346be1779838b0a482c259474965b5943668830b479147a75b5bfc"
      url: "https://pub.dev"
    source: hosted
    version: "1.0.2"
  speech_to_text_platform_interface:
    dependency: transitive
    description:
      name: speech_to_text_platform_interface
      sha256: "13d90215a7554b9a8c1ce47c0a1739af8eacd2cf196ca66351e54dfd2172746d"
      url: "https://pub.dev"
    source: hosted
    version: "2.0.1"
  stack_trace:
    dependency: transitive
    description:
      name: stack_trace
      sha256: c3c7d8edb15bee7f0f74debd4b9c5f3c2ea86766fe4178eb2a18eb30a0bdaed5
      url: "https://pub.dev"
    source: hosted
    version: "1.11.0"
  stream_channel:
    dependency: transitive
    description:
      name: stream_channel
      sha256: "83615bee9045c1d322bbbd1ba209b7a749c2cbcdcb3fdd1df8eb488b3279c1c8"
      url: "https://pub.dev"
    source: hosted
    version: "2.1.1"
  stream_transform:
    dependency: transitive
    description:
      name: stream_transform
      sha256: "14a00e794c7c11aa145a170587321aedce29769c08d7f58b1d141da75e3b1c6f"
      url: "https://pub.dev"
    source: hosted
    version: "2.1.0"
  string_scanner:
    dependency: transitive
    description:
      name: string_scanner
      sha256: "556692adab6cfa87322a115640c11f13cb77b3f076ddcc5d6ae3c20242bedcde"
      url: "https://pub.dev"
    source: hosted
    version: "1.2.0"
  syncfusion_flutter_core:
    dependency: transitive
    description:
      name: syncfusion_flutter_core
      sha256: "66529f3f102c6501a75811e8d931a1908ad9865ea4d3416c40ac05cf62fdcd44"
      url: "https://pub.dev"
    source: hosted
    version: "20.4.44"
  syncfusion_flutter_maps:
    dependency: "direct main"
    description:
      name: syncfusion_flutter_maps
      sha256: "99c553c8bc2660c45ca416b2f47913f78d6eebb0e1f6f011dc9d040a51cf9bc4"
      url: "https://pub.dev"
    source: hosted
    version: "20.4.44"
  term_glyph:
    dependency: transitive
    description:
      name: term_glyph
      sha256: a29248a84fbb7c79282b40b8c72a1209db169a2e0542bce341da992fe1bc7e84
      url: "https://pub.dev"
    source: hosted
    version: "1.2.1"
  test_api:
    dependency: transitive
    description:
      name: test_api
      sha256: "6182294da5abf431177fccc1ee02401f6df30f766bc6130a0852c6b6d7ee6b2d"
      url: "https://pub.dev"
    source: hosted
    version: "0.4.18"
  timezone:
    dependency: transitive
    description:
      name: timezone
      sha256: "24c8fcdd49a805d95777a39064862133ff816ebfffe0ceff110fb5960e557964"
      url: "https://pub.dev"
    source: hosted
    version: "0.9.1"
  typed_data:
    dependency: transitive
    description:
      name: typed_data
      sha256: "26f87ade979c47a150c9eaab93ccd2bebe70a27dc0b4b29517f2904f04eb11a5"
      url: "https://pub.dev"
    source: hosted
    version: "1.3.1"
  url_launcher:
    dependency: "direct main"
    description:
      name: url_launcher
      sha256: "698fa0b4392effdc73e9e184403b627362eb5fbf904483ac9defbb1c2191d809"
      url: "https://pub.dev"
    source: hosted
    version: "6.1.8"
  url_launcher_android:
    dependency: transitive
    description:
      name: url_launcher_android
      sha256: "3e2f6dfd2c7d9cd123296cab8ef66cfc2c1a13f5845f42c7a0f365690a8a7dd1"
      url: "https://pub.dev"
    source: hosted
    version: "6.0.23"
  url_launcher_ios:
    dependency: transitive
    description:
      name: url_launcher_ios
      sha256: bb328b24d3bccc20bdf1024a0990ac4f869d57663660de9c936fb8c043edefe3
      url: "https://pub.dev"
    source: hosted
    version: "6.0.18"
  url_launcher_linux:
    dependency: transitive
    description:
      name: url_launcher_linux
      sha256: "318c42cba924e18180c029be69caf0a1a710191b9ec49bb42b5998fdcccee3cc"
      url: "https://pub.dev"
    source: hosted
    version: "3.0.2"
  url_launcher_macos:
    dependency: transitive
    description:
      name: url_launcher_macos
      sha256: "41988b55570df53b3dd2a7fc90c76756a963de6a8c5f8e113330cb35992e2094"
      url: "https://pub.dev"
    source: hosted
    version: "3.0.2"
  url_launcher_platform_interface:
    dependency: transitive
    description:
      name: url_launcher_platform_interface
      sha256: "4eae912628763eb48fc214522e58e942fd16ce195407dbf45638239523c759a6"
      url: "https://pub.dev"
    source: hosted
    version: "2.1.1"
  url_launcher_web:
    dependency: transitive
    description:
      name: url_launcher_web
      sha256: "44d79408ce9f07052095ef1f9a693c258d6373dc3944249374e30eff7219ccb0"
      url: "https://pub.dev"
    source: hosted
    version: "2.0.14"
  url_launcher_windows:
    dependency: transitive
    description:
      name: url_launcher_windows
      sha256: b6217370f8eb1fd85c8890c539f5a639a01ab209a36db82c921ebeacefc7a615
      url: "https://pub.dev"
    source: hosted
    version: "3.0.3"
  uuid:
    dependency: transitive
    description:
      name: uuid
      sha256: "2469694ad079893e3b434a627970c33f2fa5adc46dfe03c9617546969a9a8afc"
      url: "https://pub.dev"
    source: hosted
    version: "3.0.6"
  vector_math:
    dependency: transitive
    description:
      name: vector_math
      sha256: "80b3257d1492ce4d091729e3a67a60407d227c27241d6927be0130c98e741803"
      url: "https://pub.dev"
    source: hosted
    version: "2.1.4"
  video_player:
    dependency: "direct main"
    description:
      name: video_player
      sha256: "59f7f31c919c59cbedd37c617317045f5f650dc0eeb568b0b0de9a36472bdb28"
      url: "https://pub.dev"
    source: hosted
    version: "2.5.1"
  video_player_android:
    dependency: transitive
    description:
      name: video_player_android
      sha256: "984388511230bac63feb53b2911a70e829fe0976b6b2213f5c579c4e0a882db3"
      url: "https://pub.dev"
    source: hosted
    version: "2.3.10"
  video_player_avfoundation:
    dependency: transitive
    description:
      name: video_player_avfoundation
      sha256: d9f7a46d6a77680adb03ec05a381025d6e890ebe636637c6c3014cc3926b97e9
      url: "https://pub.dev"
    source: hosted
    version: "2.3.8"
  video_player_platform_interface:
    dependency: transitive
    description:
      name: video_player_platform_interface
      sha256: "42bb75de5e9b79e1f20f1d95f688fac0f95beac4d89c6eb2cd421724d4432dae"
      url: "https://pub.dev"
    source: hosted
    version: "6.0.1"
  video_player_web:
    dependency: transitive
    description:
      name: video_player_web
      sha256: b649b07b8f8f553bee4a97a0a53d0fe78a70b115eafaf0105b612b32b05ddb99
      url: "https://pub.dev"
    source: hosted
    version: "2.0.13"
  win32:
    dependency: transitive
    description:
      name: win32
      sha256: "9555cd63283445e101f0df32105862fdc0b30adb9b84fd0553e9433b3e074d4c"
      url: "https://pub.dev"
    source: hosted
    version: "3.0.1"
  xdg_directories:
    dependency: transitive
    description:
      name: xdg_directories
      sha256: "11541eedefbcaec9de35aa82650b695297ce668662bbd6e3911a7fabdbde589f"
      url: "https://pub.dev"
    source: hosted
    version: "0.2.0+2"
  xml:
    dependency: transitive
    description:
      name: xml
      sha256: ac0e3f4bf00ba2708c33fbabbbe766300e509f8c82dbd4ab6525039813f7e2fb
      url: "https://pub.dev"
    source: hosted
    version: "6.1.0"
sdks:
  dart: ">=2.19.0 <4.0.0"
  flutter: ">=3.0.0"
